
Microsoft Visual Studio Solution File, Format Version 12.00
# Visual Studio Version 17
VisualStudioVersion = 17.7.34031.279
MinimumVisualStudioVersion = 10.0.40219.1
Project("{9A19103F-16F7-4668-BE54-9A1E7A4F7556}") = "AssignmentEAD", "ProductCategorySystem2\AssignmentEAD.csproj", "{6A8B8528-0992-405D-96B6-26B512DACC28}"
EndProject
Global
	GlobalSection(SolutionConfigurationPlatforms) = preSolution
		Debug|Any CPU = Debug|Any CPU
		Release|Any CPU = Release|Any CPU
	EndGlobalSection
	GlobalSection(ProjectConfigurationPlatforms) = postSolution
		{6A8B8528-0992-405D-96B6-26B512DACC28}.Debug|Any CPU.ActiveCfg = Debug|Any CPU
		{6A8B8528-0992-405D-96B6-26B512DACC28}.Debug|Any CPU.Build.0 = Debug|Any CPU
		{6A8B8528-0992-405D-96B6-26B512DACC28}.Release|Any CPU.ActiveCfg = Release|Any CPU
		{6A8B8528-0992-405D-96B6-26B512DACC28}.Release|Any CPU.Build.0 = Release|Any CPU
	EndGlobalSection
	GlobalSection(SolutionProperties) = preSolution
		HideSolutionNode = FALSE
	EndGlobalSection
	GlobalSection(ExtensibilityGlobals) = postSolution
		SolutionGuid = {6BCB832D-1287-4BD2-8399-89E2F32218A9}
	EndGlobalSection
EndGlobal
